
Microsoft Visual Studio Solution File, Format Version 12.00
# Visual Studio Version 17
VisualStudioVersion = 17.4.33205.214
MinimumVisualStudioVersion = 10.0.40219.1
Project("{FAE04EC0-301F-11D3-BF4B-00C04F79EFBC}") = "CarPool", "CarPool\CarPool.csproj", "{7FA55AF6-D981-4A89-9E1A-EB6DD7DE5688}"
EndProject
Global
	GlobalSection(SolutionConfigurationPlatforms) = preSolution
		Debug|Any CPU = Debug|Any CPU
		Release|Any CPU = Release|Any CPU
	EndGlobalSection
	GlobalSection(ProjectConfigurationPlatforms) = postSolution
		{7FA55AF6-D981-4A89-9E1A-EB6DD7DE5688}.Debug|Any CPU.ActiveCfg = Debug|Any CPU
		{7FA55AF6-D981-4A89-9E1A-EB6DD7DE5688}.Debug|Any CPU.Build.0 = Debug|Any CPU
		{7FA55AF6-D981-4A89-9E1A-EB6DD7DE5688}.Release|Any CPU.ActiveCfg = Release|Any CPU
		{7FA55AF6-D981-4A89-9E1A-EB6DD7DE5688}.Release|Any CPU.Build.0 = Release|Any CPU
	EndGlobalSection
	GlobalSection(SolutionProperties) = preSolution
		HideSolutionNode = FALSE
	EndGlobalSection
	GlobalSection(ExtensibilityGlobals) = postSolution
		SolutionGuid = {44CFAF60-0F32-4756-8522-AD6962179E2D}
	EndGlobalSection
EndGlobal
